<?xml version="1.0" encoding="utf-8"?>
<Project ToolsVersion="4.0" xmlns="http://schemas.microsoft.com/developer/msbuild/2003">
  <ItemGroup>
    <Filter Include="Source Files">
      <UniqueIdentifier>{4FC737F1-C7A5-4376-A066-2A32D752A2FF}</UniqueIdentifier>
      <Extensions>cpp;c;cc;cxx;def;odl;idl;hpj;bat;asm;asmx</Extensions>
    </Filter>
    <Filter Include="Header Files">
      <UniqueIdentifier>{93995380-89BD-4b04-88EB-625FBE52EBFB}</UniqueIdentifier>
      <Extensions>h;hh;hpp;hxx;hm;inl;inc;xsd</Extensions>
    </Filter>
    <Filter Include="Resource Files">
      <UniqueIdentifier>{67DA6AB6-F800-4c08-8B7A-83BB121AAD01}</UniqueIdentifier>
      <Extensions>rc;ico;cur;bmp;dlg;rc2;rct;bin;rgs;gif;jpg;jpeg;jpe;resx;tiff;tif;png;wav;mfcribbon-ms</Extensions>
    </Filter>
    <Filter Include="Header Files\Observer files">
      <UniqueIdentifier>{c8a810de-1dc9-48b7-a25f-549e6d274f8e}</UniqueIdentifier>
    </Filter>
    <Filter Include="Header Files\Entity files">
      <UniqueIdentifier>{beb2a49f-5dc0-486c-81f1-f66fa559b92d}</UniqueIdentifier>
    </Filter>
    <Filter Include="Header Files\Graphic files">
      <UniqueIdentifier>{ee93fceb-c9bb-4555-89b4-113c1aba7abc}</UniqueIdentifier>
    </Filter>
    <Filter Include="Source Files\Graphic files">
      <UniqueIdentifier>{1f4eed30-9321-4f4e-89cd-295cc3fe475c}</UniqueIdentifier>
    </Filter>
    <Filter Include="Source Files\Entity files">
      <UniqueIdentifier>{3c57a8b3-28d8-40d7-a4f5-234eef7ae150}</UniqueIdentifier>
    </Filter>
    <Filter Include="Source Files\Observer files">
      <UniqueIdentifier>{a5a7a55d-d3b9-4843-bcc0-8b532de973e2}</UniqueIdentifier>
    </Filter>
  </ItemGroup>
  <ItemGroup>
    <ClCompile Include="Main.cpp">
      <Filter>Source Files</Filter>
    </ClCompile>
    <ClCompile Include="System.cpp">
      <Filter>Source Files</Filter>
    </ClCompile>
    <ClCompile Include="Entity.cpp">
      <Filter>Source Files\Entity files</Filter>
    </ClCompile>
    <ClCompile Include="EntityHandler.cpp">
      <Filter>Source Files\Entity files</Filter>
    </ClCompile>
    <ClCompile Include="GameWindow.cpp">
      <Filter>Source Files\Graphic files</Filter>
    </ClCompile>
    <ClCompile Include="Graphics.cpp">
      <Filter>Source Files\Graphic files</Filter>
    </ClCompile>
    <ClCompile Include="Log.cpp">
      <Filter>Source Files\Graphic files</Filter>
    </ClCompile>
    <ClCompile Include="Map.cpp">
      <Filter>Source Files\Entity files</Filter>
    </ClCompile>
    <ClCompile Include="Player.cpp">
      <Filter>Source Files\Entity files</Filter>
    </ClCompile>
    <ClCompile Include="TextWindow.cpp">
      <Filter>Source Files\Graphic files</Filter>
    </ClCompile>
    <ClCompile Include="Window.cpp">
      <Filter>Source Files\Graphic files</Filter>
    </ClCompile>
    <ClCompile Include="NPC.cpp">
      <Filter>Source Files\Entity files</Filter>
    </ClCompile>
    <ClCompile Include="Observer.cpp">
      <Filter>Source Files\Observer files</Filter>
    </ClCompile>
    <ClCompile Include="Subject.cpp">
      <Filter>Source Files\Observer files</Filter>
    </ClCompile>
    <ClCompile Include="MapGrabber.cpp">
      <Filter>Source Files\Observer files</Filter>
    </ClCompile>
    <ClCompile Include="MapObserver.cpp">
      <Filter>Source Files\Observer files</Filter>
    </ClCompile>
    <ClCompile Include="InputGrabber.cpp">
      <Filter>Source Files\Observer files</Filter>
    </ClCompile>
    <ClCompile Include="InputHandler.cpp">
      <Filter>Source Files</Filter>
    </ClCompile>
    <ClCompile Include="InputObserver.cpp">
      <Filter>Source Files\Observer files</Filter>
    </ClCompile>
    <ClCompile Include="Player.cpp">
      <Filter>Source Files\Entity files</Filter>
    </ClCompile>
    <ClCompile Include="DialogueObserver.cpp">
      <Filter>Source Files\Observer files</Filter>
    </ClCompile>
    <ClCompile Include="DialogueGrabber.cpp">
      <Filter>Source Files\Observer files</Filter>
    </ClCompile>
    <ClCompile Include="CoordGrabber.cpp">
      <Filter>Source Files\Observer files</Filter>
    </ClCompile>
    <ClCompile Include="CoordObserver.cpp">
      <Filter>Source Files\Observer files</Filter>
    </ClCompile>
  </ItemGroup>
  <ItemGroup>
    <ClInclude Include="System.h">
      <Filter>Header Files</Filter>
    </ClInclude>
    <ClInclude Include="InputHandler.h">
      <Filter>Header Files</Filter>
    </ClInclude>
    <ClInclude Include="Window.h">
      <Filter>Header Files\Graphic files</Filter>
    </ClInclude>
    <ClInclude Include="TextWindow.h">
      <Filter>Header Files\Graphic files</Filter>
    </ClInclude>
    <ClInclude Include="GameWindow.h">
      <Filter>Header Files\Graphic files</Filter>
    </ClInclude>
    <ClInclude Include="Graphics.h">
      <Filter>Header Files\Graphic files</Filter>
    </ClInclude>
    <ClInclude Include="Log.h">
      <Filter>Header Files\Graphic files</Filter>
    </ClInclude>
    <ClInclude Include="Observer.h">
      <Filter>Header Files\Observer files</Filter>
    </ClInclude>
    <ClInclude Include="Subject.h">
      <Filter>Header Files\Observer files</Filter>
    </ClInclude>
    <ClInclude Include="EntityHandler.h">
      <Filter>Header Files\Entity files</Filter>
    </ClInclude>
    <ClInclude Include="Entity.h">
      <Filter>Header Files\Entity files</Filter>
    </ClInclude>
    <ClInclude Include="Player.h">
      <Filter>Header Files\Entity files</Filter>
    </ClInclude>
    <ClInclude Include="NPC.h">
      <Filter>Header Files\Entity files</Filter>
    </ClInclude>
    <ClInclude Include="Map.h">
      <Filter>Header Files\Entity files</Filter>
    </ClInclude>
    <ClInclude Include="MapGrabber.h">
      <Filter>Header Files\Observer files</Filter>
    </ClInclude>
    <ClInclude Include="MapObserver.h">
      <Filter>Header Files\Observer files</Filter>
    </ClInclude>
    <ClInclude Include="Constants.h">
      <Filter>Header Files</Filter>
    </ClInclude>
    <ClInclude Include="InputGrabber.h">
      <Filter>Header Files\Observer files</Filter>
    </ClInclude>
    <ClInclude Include="InputObserver.h">
      <Filter>Header Files\Observer files</Filter>
    </ClInclude>
    <ClInclude Include="DialogueObserver.h">
      <Filter>Header Files\Observer files</Filter>
    </ClInclude>
    <ClInclude Include="DialogueGrabber.h">
      <Filter>Header Files\Observer files</Filter>
    </ClInclude>
    <ClInclude Include="CoordGrabber.h">
      <Filter>Header Files\Observer files</Filter>
    </ClInclude>
    <ClInclude Include="CoordObserver.h">
      <Filter>Header Files\Observer files</Filter>
    </ClInclude>
  </ItemGroup>
</Project>